
Microsoft Visual Studio Solution File, Format Version 12.00
# Visual Studio Version 17
VisualStudioVersion = 17.3.32922.545
MinimumVisualStudioVersion = 10.0.40219.1
Project("{8BC9CEB8-8B4A-11D0-8D11-00A0C91BC942}") = "GitPrep", "..\GitPrep.prj\GitPrep.vcxproj", "{303B4455-0A03-4DEC-BDE3-1162734DE4D6}"
	ProjectSection(ProjectDependencies) = postProject
		{5515954D-D087-4958-9C5A-999A69F1CF1C} = {5515954D-D087-4958-9C5A-999A69F1CF1C}
		{CF57F3EC-D3DB-4469-8519-3F9D73785D9B} = {CF57F3EC-D3DB-4469-8519-3F9D73785D9B}
		{D0FDD57B-5315-4E31-B0C9-FCFB7A0285F6} = {D0FDD57B-5315-4E31-B0C9-FCFB7A0285F6}
	EndProjectSection
EndProject
Project("{8BC9CEB8-8B4A-11D0-8D11-00A0C91BC942}") = "GitPrep.hlp", "..\GitPrep.hlp\GitPrep.hlp.vcxproj", "{5515954D-D087-4958-9C5A-999A69F1CF1C}"
EndProject
Project("{8BC9CEB8-8B4A-11D0-8D11-00A0C91BC942}") = "Library", "..\..\Library\Library\Library.vcxproj", "{CF57F3EC-D3DB-4469-8519-3F9D73785D9B}"
	ProjectSection(ProjectDependencies) = postProject
		{5515954D-D087-4958-9C5A-999A69F1CF1C} = {5515954D-D087-4958-9C5A-999A69F1CF1C}
	EndProjectSection
EndProject
Project("{8BC9CEB8-8B4A-11D0-8D11-00A0C91BC942}") = "DocView", "..\..\Library\DocView\DocView.vcxproj", "{D0FDD57B-5315-4E31-B0C9-FCFB7A0285F6}"
	ProjectSection(ProjectDependencies) = postProject
		{5515954D-D087-4958-9C5A-999A69F1CF1C} = {5515954D-D087-4958-9C5A-999A69F1CF1C}
		{CF57F3EC-D3DB-4469-8519-3F9D73785D9B} = {CF57F3EC-D3DB-4469-8519-3F9D73785D9B}
	EndProjectSection
EndProject
Project("{B7DD6F7E-DEF8-4E67-B5B7-07EF123DB6F0}") = "GitPrep.Win32.wix", "..\GitPrep.Win32.wix\GitPrep.Win32.wix.wixproj", "{240F3476-5F87-E633-98D5-C8AA8D1C8036}"
	ProjectSection(ProjectDependencies) = postProject
		{5515954D-D087-4958-9C5A-999A69F1CF1C} = {5515954D-D087-4958-9C5A-999A69F1CF1C}
		{CF57F3EC-D3DB-4469-8519-3F9D73785D9B} = {CF57F3EC-D3DB-4469-8519-3F9D73785D9B}
		{D0FDD57B-5315-4E31-B0C9-FCFB7A0285F6} = {D0FDD57B-5315-4E31-B0C9-FCFB7A0285F6}
	EndProjectSection
EndProject
Project("{B7DD6F7E-DEF8-4E67-B5B7-07EF123DB6F0}") = "GitPrep.x64.wix", "..\GitPrep.x64.wix\GitPrep.x64.wix.wixproj", "{4BA48BD6-2397-ABAD-E393-B19536A33387}"
	ProjectSection(ProjectDependencies) = postProject
		{240F3476-5F87-E633-98D5-C8AA8D1C8036} = {240F3476-5F87-E633-98D5-C8AA8D1C8036}
		{5515954D-D087-4958-9C5A-999A69F1CF1C} = {5515954D-D087-4958-9C5A-999A69F1CF1C}
		{CF57F3EC-D3DB-4469-8519-3F9D73785D9B} = {CF57F3EC-D3DB-4469-8519-3F9D73785D9B}
		{D0FDD57B-5315-4E31-B0C9-FCFB7A0285F6} = {D0FDD57B-5315-4E31-B0C9-FCFB7A0285F6}
	EndProjectSection
EndProject
Global
	GlobalSection(SolutionConfigurationPlatforms) = preSolution
		Debug|Win32 = Debug|Win32
		Debug|x64 = Debug|x64
		Release|Win32 = Release|Win32
		Release|x64 = Release|x64
	EndGlobalSection
	GlobalSection(ProjectConfigurationPlatforms) = postSolution
		{303B4455-0A03-4DEC-BDE3-1162734DE4D6}.Debug|Win32.ActiveCfg = Debug|Win32
		{303B4455-0A03-4DEC-BDE3-1162734DE4D6}.Debug|Win32.Build.0 = Debug|Win32
		{303B4455-0A03-4DEC-BDE3-1162734DE4D6}.Debug|x64.ActiveCfg = Debug|x64
		{303B4455-0A03-4DEC-BDE3-1162734DE4D6}.Debug|x64.Build.0 = Debug|x64
		{303B4455-0A03-4DEC-BDE3-1162734DE4D6}.Release|Win32.ActiveCfg = Release|Win32
		{303B4455-0A03-4DEC-BDE3-1162734DE4D6}.Release|Win32.Build.0 = Release|Win32
		{303B4455-0A03-4DEC-BDE3-1162734DE4D6}.Release|x64.ActiveCfg = Release|x64
		{303B4455-0A03-4DEC-BDE3-1162734DE4D6}.Release|x64.Build.0 = Release|x64
		{5515954D-D087-4958-9C5A-999A69F1CF1C}.Debug|Win32.ActiveCfg = Debug|Win32
		{5515954D-D087-4958-9C5A-999A69F1CF1C}.Debug|Win32.Build.0 = Debug|Win32
		{5515954D-D087-4958-9C5A-999A69F1CF1C}.Debug|x64.ActiveCfg = Debug|x64
		{5515954D-D087-4958-9C5A-999A69F1CF1C}.Debug|x64.Build.0 = Debug|x64
		{5515954D-D087-4958-9C5A-999A69F1CF1C}.Release|Win32.ActiveCfg = Release|Win32
		{5515954D-D087-4958-9C5A-999A69F1CF1C}.Release|Win32.Build.0 = Release|Win32
		{5515954D-D087-4958-9C5A-999A69F1CF1C}.Release|x64.ActiveCfg = Release|x64
		{5515954D-D087-4958-9C5A-999A69F1CF1C}.Release|x64.Build.0 = Release|x64
		{CF57F3EC-D3DB-4469-8519-3F9D73785D9B}.Debug|Win32.ActiveCfg = Debug|Win32
		{CF57F3EC-D3DB-4469-8519-3F9D73785D9B}.Debug|Win32.Build.0 = Debug|Win32
		{CF57F3EC-D3DB-4469-8519-3F9D73785D9B}.Debug|x64.ActiveCfg = Debug|x64
		{CF57F3EC-D3DB-4469-8519-3F9D73785D9B}.Debug|x64.Build.0 = Debug|x64
		{CF57F3EC-D3DB-4469-8519-3F9D73785D9B}.Release|Win32.ActiveCfg = Release|Win32
		{CF57F3EC-D3DB-4469-8519-3F9D73785D9B}.Release|Win32.Build.0 = Release|Win32
		{CF57F3EC-D3DB-4469-8519-3F9D73785D9B}.Release|x64.ActiveCfg = Release|x64
		{CF57F3EC-D3DB-4469-8519-3F9D73785D9B}.Release|x64.Build.0 = Release|x64
		{D0FDD57B-5315-4E31-B0C9-FCFB7A0285F6}.Debug|Win32.ActiveCfg = Debug|Win32
		{D0FDD57B-5315-4E31-B0C9-FCFB7A0285F6}.Debug|Win32.Build.0 = Debug|Win32
		{D0FDD57B-5315-4E31-B0C9-FCFB7A0285F6}.Debug|x64.ActiveCfg = Debug|x64
		{D0FDD57B-5315-4E31-B0C9-FCFB7A0285F6}.Debug|x64.Build.0 = Debug|x64
		{D0FDD57B-5315-4E31-B0C9-FCFB7A0285F6}.Release|Win32.ActiveCfg = Release|Win32
		{D0FDD57B-5315-4E31-B0C9-FCFB7A0285F6}.Release|Win32.Build.0 = Release|Win32
		{D0FDD57B-5315-4E31-B0C9-FCFB7A0285F6}.Release|x64.ActiveCfg = Release|x64
		{D0FDD57B-5315-4E31-B0C9-FCFB7A0285F6}.Release|x64.Build.0 = Release|x64
		{240F3476-5F87-E633-98D5-C8AA8D1C8036}.Debug|Win32.ActiveCfg = Debug|x86
		{240F3476-5F87-E633-98D5-C8AA8D1C8036}.Debug|x64.ActiveCfg = Debug|x86
		{240F3476-5F87-E633-98D5-C8AA8D1C8036}.Release|Win32.ActiveCfg = Release|x86
		{240F3476-5F87-E633-98D5-C8AA8D1C8036}.Release|Win32.Build.0 = Release|x86
		{240F3476-5F87-E633-98D5-C8AA8D1C8036}.Release|x64.ActiveCfg = Release|x86
		{4BA48BD6-2397-ABAD-E393-B19536A33387}.Debug|Win32.ActiveCfg = Debug|x64
		{4BA48BD6-2397-ABAD-E393-B19536A33387}.Debug|x64.ActiveCfg = Debug|x64
		{4BA48BD6-2397-ABAD-E393-B19536A33387}.Release|Win32.ActiveCfg = Release|x64
		{4BA48BD6-2397-ABAD-E393-B19536A33387}.Release|x64.ActiveCfg = Release|x64
		{4BA48BD6-2397-ABAD-E393-B19536A33387}.Release|x64.Build.0 = Release|x64
	EndGlobalSection
	GlobalSection(SolutionProperties) = preSolution
		HideSolutionNode = FALSE
	EndGlobalSection
	GlobalSection(ExtensibilityGlobals) = postSolution
		SolutionGuid = {DBD94DE0-3E35-40FB-B6AE-F0E03C972EB5}
	EndGlobalSection
EndGlobal
